
Microsoft Visual Studio Solution File, Format Version 12.00
# Visual Studio 15
VisualStudioVersion = 15.0.28307.438
MinimumVisualStudioVersion = 10.0.40219.1
Project("{FAE04EC0-301F-11D3-BF4B-00C04F79EFBC}") = "gra", "gra\gra.csproj", "{A98B67D0-FB7A-4D5C-A1C9-D7483230C8E6}"
EndProject
Global
	GlobalSection(SolutionConfigurationPlatforms) = preSolution
		Debug|Any CPU = Debug|Any CPU
		Release|Any CPU = Release|Any CPU
	EndGlobalSection
	GlobalSection(ProjectConfigurationPlatforms) = postSolution
		{A98B67D0-FB7A-4D5C-A1C9-D7483230C8E6}.Debug|Any CPU.ActiveCfg = Debug|Any CPU
		{A98B67D0-FB7A-4D5C-A1C9-D7483230C8E6}.Debug|Any CPU.Build.0 = Debug|Any CPU
		{A98B67D0-FB7A-4D5C-A1C9-D7483230C8E6}.Release|Any CPU.ActiveCfg = Release|Any CPU
		{A98B67D0-FB7A-4D5C-A1C9-D7483230C8E6}.Release|Any CPU.Build.0 = Release|Any CPU
	EndGlobalSection
	GlobalSection(SolutionProperties) = preSolution
		HideSolutionNode = FALSE
	EndGlobalSection
	GlobalSection(ExtensibilityGlobals) = postSolution
		SolutionGuid = {02C17D4F-59B2-4636-88F3-A7323DBE30FE}
	EndGlobalSection
EndGlobal
